
Microsoft Visual Studio Solution File, Format Version 12.00
# Visual Studio Version 17
VisualStudioVersion = 17.14.36511.14 d17.14
MinimumVisualStudioVersion = 10.0.40219.1
Project("{2150E333-8FDC-42A3-9474-1A3956D46DE8}") = "Task0", "Task0", "{02EA681E-C7D8-13C7-8484-4AC65E1B71E8}"
EndProject
Project("{FAE04EC0-301F-11D3-BF4B-00C04F79EFBC}") = "Tyuiu.YushkovaES.Sprint2.Task0.V1", "Tyuiu.YushkovaES.Sprint2.Task0.V1\Tyuiu.YushkovaES.Sprint2.Task0.V1.csproj", "{5C6B95DC-2114-4488-BBDA-07D865719BE5}"
EndProject
Project("{FAE04EC0-301F-11D3-BF4B-00C04F79EFBC}") = "Tyuiu.YushkovaES.Sprint2.Task0.V1.Lib", "Tyuiu.YushkovaES.Sprint2.Task0.V1.Lib\Tyuiu.YushkovaES.Sprint2.Task0.V1.Lib.csproj", "{8A2AD4BD-17DE-447D-886F-E74C19E4A399}"
EndProject
Project("{FAE04EC0-301F-11D3-BF4B-00C04F79EFBC}") = "Tyuiu.YushkovaES.Sprint2.Task0.V1.Test", "Tyuiu.YushkovaES.Sprint2.Task0.V1.Test\Tyuiu.YushkovaES.Sprint2.Task0.V1.Test.csproj", "{689992F9-FC8C-426C-88EE-52EB7C215DE2}"
EndProject
Project("{2150E333-8FDC-42A3-9474-1A3956D46DE8}") = "Task1", "Task1", "{CD1BB03E-95B4-43BA-B92B-537ADB528F1F}"
EndProject
Project("{FAE04EC0-301F-11D3-BF4B-00C04F79EFBC}") = "Tyuiu.YushkovaES.Sprint2.Task1.V19", "Tyuiu.YushkovaES.Sprint2.Task1.V19\Tyuiu.YushkovaES.Sprint2.Task1.V19.csproj", "{E4A30DDC-6678-454B-90FA-41BFC4C3E393}"
EndProject
Project("{FAE04EC0-301F-11D3-BF4B-00C04F79EFBC}") = "Tyuiu.YushkovaES.Sprint2.Task1.V19.Lib", "Tyuiu.YushkovaES.Sprint2.Task1.V19.Lib\Tyuiu.YushkovaES.Sprint2.Task1.V19.Lib.csproj", "{13360E93-F20E-460D-8572-5B28A308648C}"
EndProject
Project("{FAE04EC0-301F-11D3-BF4B-00C04F79EFBC}") = "Tyuiu.YushkovaES.Sprint2.Task1.V19.Test", "Tyuiu.YushkovaES.Sprint2.Task1.V19.Test\Tyuiu.YushkovaES.Sprint2.Task1.V19.Test.csproj", "{AA3D4F21-232D-4580-844A-40A0247E601C}"
EndProject
Project("{2150E333-8FDC-42A3-9474-1A3956D46DE8}") = "Task2", "Task2", "{B5E95918-319F-44E2-AFCA-8E1EC45DB10A}"
EndProject
Project("{FAE04EC0-301F-11D3-BF4B-00C04F79EFBC}") = "Tyuiu.YushkovaES.Sprint2.Task2.V23", "Tyuiu.YushkovaES.Sprint2.Task2.V23\Tyuiu.YushkovaES.Sprint2.Task2.V23.csproj", "{01D46824-A25F-4733-993F-44F5FA313AE6}"
EndProject
Project("{FAE04EC0-301F-11D3-BF4B-00C04F79EFBC}") = "Tyuiu.YushkovaES.Sprint2.Task2.V23.Lib", "Tyuiu.YushkovaES.Sprint2.Task2.V23.Lib\Tyuiu.YushkovaES.Sprint2.Task2.V23.Lib.csproj", "{DBA4C1AA-D00F-4F16-A339-833F9F1CF193}"
EndProject
Project("{FAE04EC0-301F-11D3-BF4B-00C04F79EFBC}") = "Tyuiu.YushkovaES.Sprint2.Task2.V23.Test", "Tyuiu.YushkovaES.Sprint2.Task2.V23.Test\Tyuiu.YushkovaES.Sprint2.Task2.V23.Test.csproj", "{BC20E78E-A2C2-4A24-87C0-00F71A946516}"
EndProject
Project("{2150E333-8FDC-42A3-9474-1A3956D46DE8}") = "Task3", "Task3", "{09C9D4B9-70F0-4394-9298-CA0A89262D4A}"
EndProject
Project("{FAE04EC0-301F-11D3-BF4B-00C04F79EFBC}") = "Tyuiu.YushkovaES.Sprint2.Task3.V27", "Tyuiu.YushkovaES.Sprint2.Task3.V27\Tyuiu.YushkovaES.Sprint2.Task3.V27.csproj", "{5279C24C-6D50-4478-B53A-7353AB06672D}"
EndProject
Project("{FAE04EC0-301F-11D3-BF4B-00C04F79EFBC}") = "Tyuiu.YushkovaES.Sprint2.Task3.V27.Lib", "Tyuiu.YushkovaES.Sprint2.Task3.V27.Lib\Tyuiu.YushkovaES.Sprint2.Task3.V27.Lib.csproj", "{F0BE8E09-E680-4F76-AC11-2B17C3064600}"
EndProject
Project("{FAE04EC0-301F-11D3-BF4B-00C04F79EFBC}") = "Tyuiu.YushkovaES.Sprint2.Task3.V27.Test", "Tyuiu.YushkovaES.Sprint2.Task3.V27.Test\Tyuiu.YushkovaES.Sprint2.Task3.V27.Test.csproj", "{E065E6B0-CE46-4178-A0CE-A99EBFB2861F}"
EndProject
Project("{2150E333-8FDC-42A3-9474-1A3956D46DE8}") = "Task4", "Task4", "{A78A377B-8AF8-483E-A3EB-8D8148A572FC}"
EndProject
Project("{FAE04EC0-301F-11D3-BF4B-00C04F79EFBC}") = "Tyuiu.YushkovaES.Sprint2.Task4.V10", "Tyuiu.YushkovaES.Sprint2.Task4.V10\Tyuiu.YushkovaES.Sprint2.Task4.V10.csproj", "{1F496CE7-2CE1-41A6-A5B9-DC64A9A3CA50}"
EndProject
Project("{FAE04EC0-301F-11D3-BF4B-00C04F79EFBC}") = "Tyuiu.YushkovaES.Sprint2.Task4.V10.Lib", "Tyuiu.YushkovaES.Sprint2.Task4.V10.Lib\Tyuiu.YushkovaES.Sprint2.Task4.V10.Lib.csproj", "{DD3B329F-791D-4D30-BAB9-328753738325}"
EndProject
Project("{FAE04EC0-301F-11D3-BF4B-00C04F79EFBC}") = "Tyuiu.YushkovaES.Sprint2.Task4.V10.Test", "Tyuiu.YushkovaES.Sprint2.Task4.V10.Test\Tyuiu.YushkovaES.Sprint2.Task4.V10.Test.csproj", "{40607EB7-693A-41D9-823E-6FBF8138F59F}"
EndProject
Project("{2150E333-8FDC-42A3-9474-1A3956D46DE8}") = "Task5", "Task5", "{79C57C7B-6D8D-43E7-945D-FF2ED47717A5}"
EndProject
Project("{FAE04EC0-301F-11D3-BF4B-00C04F79EFBC}") = "Tyuiu.YushkovaES.Sprint2.Task5.V6", "Tyuiu.YushkovaES.Sprint2.Task5.V6\Tyuiu.YushkovaES.Sprint2.Task5.V6.csproj", "{5A0C0384-23D7-4C7E-8297-86F91C7F0F0B}"
EndProject
Project("{FAE04EC0-301F-11D3-BF4B-00C04F79EFBC}") = "Tyuiu.YushkovaES.Sprint2.Task5.V6.Lib", "Tyuiu.YushkovaES.Sprint2.Task5.V6.Lib\Tyuiu.YushkovaES.Sprint2.Task5.V6.Lib.csproj", "{FC395CCF-B450-4958-BF87-0A52650808EC}"
EndProject
Project("{FAE04EC0-301F-11D3-BF4B-00C04F79EFBC}") = "Tyuiu.YushkovaES.Sprint2.Task5.V6.Test", "Tyuiu.YushkovaES.Sprint2.Task5.V6.Test\Tyuiu.YushkovaES.Sprint2.Task5.V6.Test.csproj", "{3CE5D967-0406-4DA8-9469-13C42630D6EA}"
EndProject
Global
	GlobalSection(SolutionConfigurationPlatforms) = preSolution
		Debug|Any CPU = Debug|Any CPU
		Release|Any CPU = Release|Any CPU
	EndGlobalSection
	GlobalSection(ProjectConfigurationPlatforms) = postSolution
		{5C6B95DC-2114-4488-BBDA-07D865719BE5}.Debug|Any CPU.ActiveCfg = Debug|Any CPU
		{5C6B95DC-2114-4488-BBDA-07D865719BE5}.Debug|Any CPU.Build.0 = Debug|Any CPU
		{5C6B95DC-2114-4488-BBDA-07D865719BE5}.Release|Any CPU.ActiveCfg = Release|Any CPU
		{5C6B95DC-2114-4488-BBDA-07D865719BE5}.Release|Any CPU.Build.0 = Release|Any CPU
		{8A2AD4BD-17DE-447D-886F-E74C19E4A399}.Debug|Any CPU.ActiveCfg = Debug|Any CPU
		{8A2AD4BD-17DE-447D-886F-E74C19E4A399}.Debug|Any CPU.Build.0 = Debug|Any CPU
		{8A2AD4BD-17DE-447D-886F-E74C19E4A399}.Release|Any CPU.ActiveCfg = Release|Any CPU
		{8A2AD4BD-17DE-447D-886F-E74C19E4A399}.Release|Any CPU.Build.0 = Release|Any CPU
		{689992F9-FC8C-426C-88EE-52EB7C215DE2}.Debug|Any CPU.ActiveCfg = Debug|Any CPU
		{689992F9-FC8C-426C-88EE-52EB7C215DE2}.Debug|Any CPU.Build.0 = Debug|Any CPU
		{689992F9-FC8C-426C-88EE-52EB7C215DE2}.Release|Any CPU.ActiveCfg = Release|Any CPU
		{689992F9-FC8C-426C-88EE-52EB7C215DE2}.Release|Any CPU.Build.0 = Release|Any CPU
		{E4A30DDC-6678-454B-90FA-41BFC4C3E393}.Debug|Any CPU.ActiveCfg = Debug|Any CPU
		{E4A30DDC-6678-454B-90FA-41BFC4C3E393}.Debug|Any CPU.Build.0 = Debug|Any CPU
		{E4A30DDC-6678-454B-90FA-41BFC4C3E393}.Release|Any CPU.ActiveCfg = Release|Any CPU
		{E4A30DDC-6678-454B-90FA-41BFC4C3E393}.Release|Any CPU.Build.0 = Release|Any CPU
		{13360E93-F20E-460D-8572-5B28A308648C}.Debug|Any CPU.ActiveCfg = Debug|Any CPU
		{13360E93-F20E-460D-8572-5B28A308648C}.Debug|Any CPU.Build.0 = Debug|Any CPU
		{13360E93-F20E-460D-8572-5B28A308648C}.Release|Any CPU.ActiveCfg = Release|Any CPU
		{13360E93-F20E-460D-8572-5B28A308648C}.Release|Any CPU.Build.0 = Release|Any CPU
		{AA3D4F21-232D-4580-844A-40A0247E601C}.Debug|Any CPU.ActiveCfg = Debug|Any CPU
		{AA3D4F21-232D-4580-844A-40A0247E601C}.Debug|Any CPU.Build.0 = Debug|Any CPU
		{AA3D4F21-232D-4580-844A-40A0247E601C}.Release|Any CPU.ActiveCfg = Release|Any CPU
		{AA3D4F21-232D-4580-844A-40A0247E601C}.Release|Any CPU.Build.0 = Release|Any CPU
		{01D46824-A25F-4733-993F-44F5FA313AE6}.Debug|Any CPU.ActiveCfg = Debug|Any CPU
		{01D46824-A25F-4733-993F-44F5FA313AE6}.Debug|Any CPU.Build.0 = Debug|Any CPU
		{01D46824-A25F-4733-993F-44F5FA313AE6}.Release|Any CPU.ActiveCfg = Release|Any CPU
		{01D46824-A25F-4733-993F-44F5FA313AE6}.Release|Any CPU.Build.0 = Release|Any CPU
		{DBA4C1AA-D00F-4F16-A339-833F9F1CF193}.Debug|Any CPU.ActiveCfg = Debug|Any CPU
		{DBA4C1AA-D00F-4F16-A339-833F9F1CF193}.Debug|Any CPU.Build.0 = Debug|Any CPU
		{DBA4C1AA-D00F-4F16-A339-833F9F1CF193}.Release|Any CPU.ActiveCfg = Release|Any CPU
		{DBA4C1AA-D00F-4F16-A339-833F9F1CF193}.Release|Any CPU.Build.0 = Release|Any CPU
		{BC20E78E-A2C2-4A24-87C0-00F71A946516}.Debug|Any CPU.ActiveCfg = Debug|Any CPU
		{BC20E78E-A2C2-4A24-87C0-00F71A946516}.Debug|Any CPU.Build.0 = Debug|Any CPU
		{BC20E78E-A2C2-4A24-87C0-00F71A946516}.Release|Any CPU.ActiveCfg = Release|Any CPU
		{BC20E78E-A2C2-4A24-87C0-00F71A946516}.Release|Any CPU.Build.0 = Release|Any CPU
		{5279C24C-6D50-4478-B53A-7353AB06672D}.Debug|Any CPU.ActiveCfg = Debug|Any CPU
		{5279C24C-6D50-4478-B53A-7353AB06672D}.Debug|Any CPU.Build.0 = Debug|Any CPU
		{5279C24C-6D50-4478-B53A-7353AB06672D}.Release|Any CPU.ActiveCfg = Release|Any CPU
		{5279C24C-6D50-4478-B53A-7353AB06672D}.Release|Any CPU.Build.0 = Release|Any CPU
		{F0BE8E09-E680-4F76-AC11-2B17C3064600}.Debug|Any CPU.ActiveCfg = Debug|Any CPU
		{F0BE8E09-E680-4F76-AC11-2B17C3064600}.Debug|Any CPU.Build.0 = Debug|Any CPU
		{F0BE8E09-E680-4F76-AC11-2B17C3064600}.Release|Any CPU.ActiveCfg = Release|Any CPU
		{F0BE8E09-E680-4F76-AC11-2B17C3064600}.Release|Any CPU.Build.0 = Release|Any CPU
		{E065E6B0-CE46-4178-A0CE-A99EBFB2861F}.Debug|Any CPU.ActiveCfg = Debug|Any CPU
		{E065E6B0-CE46-4178-A0CE-A99EBFB2861F}.Debug|Any CPU.Build.0 = Debug|Any CPU
		{E065E6B0-CE46-4178-A0CE-A99EBFB2861F}.Release|Any CPU.ActiveCfg = Release|Any CPU
		{E065E6B0-CE46-4178-A0CE-A99EBFB2861F}.Release|Any CPU.Build.0 = Release|Any CPU
		{1F496CE7-2CE1-41A6-A5B9-DC64A9A3CA50}.Debug|Any CPU.ActiveCfg = Debug|Any CPU
		{1F496CE7-2CE1-41A6-A5B9-DC64A9A3CA50}.Debug|Any CPU.Build.0 = Debug|Any CPU
		{1F496CE7-2CE1-41A6-A5B9-DC64A9A3CA50}.Release|Any CPU.ActiveCfg = Release|Any CPU
		{1F496CE7-2CE1-41A6-A5B9-DC64A9A3CA50}.Release|Any CPU.Build.0 = Release|Any CPU
		{DD3B329F-791D-4D30-BAB9-328753738325}.Debug|Any CPU.ActiveCfg = Debug|Any CPU
		{DD3B329F-791D-4D30-BAB9-328753738325}.Debug|Any CPU.Build.0 = Debug|Any CPU
		{DD3B329F-791D-4D30-BAB9-328753738325}.Release|Any CPU.ActiveCfg = Release|Any CPU
		{DD3B329F-791D-4D30-BAB9-328753738325}.Release|Any CPU.Build.0 = Release|Any CPU
		{40607EB7-693A-41D9-823E-6FBF8138F59F}.Debug|Any CPU.ActiveCfg = Debug|Any CPU
		{40607EB7-693A-41D9-823E-6FBF8138F59F}.Debug|Any CPU.Build.0 = Debug|Any CPU
		{40607EB7-693A-41D9-823E-6FBF8138F59F}.Release|Any CPU.ActiveCfg = Release|Any CPU
		{40607EB7-693A-41D9-823E-6FBF8138F59F}.Release|Any CPU.Build.0 = Release|Any CPU
		{5A0C0384-23D7-4C7E-8297-86F91C7F0F0B}.Debug|Any CPU.ActiveCfg = Debug|Any CPU
		{5A0C0384-23D7-4C7E-8297-86F91C7F0F0B}.Debug|Any CPU.Build.0 = Debug|Any CPU
		{5A0C0384-23D7-4C7E-8297-86F91C7F0F0B}.Release|Any CPU.ActiveCfg = Release|Any CPU
		{5A0C0384-23D7-4C7E-8297-86F91C7F0F0B}.Release|Any CPU.Build.0 = Release|Any CPU
		{FC395CCF-B450-4958-BF87-0A52650808EC}.Debug|Any CPU.ActiveCfg = Debug|Any CPU
		{FC395CCF-B450-4958-BF87-0A52650808EC}.Debug|Any CPU.Build.0 = Debug|Any CPU
		{FC395CCF-B450-4958-BF87-0A52650808EC}.Release|Any CPU.ActiveCfg = Release|Any CPU
		{FC395CCF-B450-4958-BF87-0A52650808EC}.Release|Any CPU.Build.0 = Release|Any CPU
		{3CE5D967-0406-4DA8-9469-13C42630D6EA}.Debug|Any CPU.ActiveCfg = Debug|Any CPU
		{3CE5D967-0406-4DA8-9469-13C42630D6EA}.Debug|Any CPU.Build.0 = Debug|Any CPU
		{3CE5D967-0406-4DA8-9469-13C42630D6EA}.Release|Any CPU.ActiveCfg = Release|Any CPU
		{3CE5D967-0406-4DA8-9469-13C42630D6EA}.Release|Any CPU.Build.0 = Release|Any CPU
	EndGlobalSection
	GlobalSection(SolutionProperties) = preSolution
		HideSolutionNode = FALSE
	EndGlobalSection
	GlobalSection(NestedProjects) = preSolution
		{5C6B95DC-2114-4488-BBDA-07D865719BE5} = {02EA681E-C7D8-13C7-8484-4AC65E1B71E8}
		{8A2AD4BD-17DE-447D-886F-E74C19E4A399} = {02EA681E-C7D8-13C7-8484-4AC65E1B71E8}
		{689992F9-FC8C-426C-88EE-52EB7C215DE2} = {02EA681E-C7D8-13C7-8484-4AC65E1B71E8}
		{E4A30DDC-6678-454B-90FA-41BFC4C3E393} = {CD1BB03E-95B4-43BA-B92B-537ADB528F1F}
		{13360E93-F20E-460D-8572-5B28A308648C} = {CD1BB03E-95B4-43BA-B92B-537ADB528F1F}
		{AA3D4F21-232D-4580-844A-40A0247E601C} = {CD1BB03E-95B4-43BA-B92B-537ADB528F1F}
		{01D46824-A25F-4733-993F-44F5FA313AE6} = {B5E95918-319F-44E2-AFCA-8E1EC45DB10A}
		{DBA4C1AA-D00F-4F16-A339-833F9F1CF193} = {B5E95918-319F-44E2-AFCA-8E1EC45DB10A}
		{BC20E78E-A2C2-4A24-87C0-00F71A946516} = {B5E95918-319F-44E2-AFCA-8E1EC45DB10A}
		{5279C24C-6D50-4478-B53A-7353AB06672D} = {09C9D4B9-70F0-4394-9298-CA0A89262D4A}
		{F0BE8E09-E680-4F76-AC11-2B17C3064600} = {09C9D4B9-70F0-4394-9298-CA0A89262D4A}
		{E065E6B0-CE46-4178-A0CE-A99EBFB2861F} = {09C9D4B9-70F0-4394-9298-CA0A89262D4A}
		{1F496CE7-2CE1-41A6-A5B9-DC64A9A3CA50} = {A78A377B-8AF8-483E-A3EB-8D8148A572FC}
		{DD3B329F-791D-4D30-BAB9-328753738325} = {A78A377B-8AF8-483E-A3EB-8D8148A572FC}
		{40607EB7-693A-41D9-823E-6FBF8138F59F} = {A78A377B-8AF8-483E-A3EB-8D8148A572FC}
		{5A0C0384-23D7-4C7E-8297-86F91C7F0F0B} = {79C57C7B-6D8D-43E7-945D-FF2ED47717A5}
		{FC395CCF-B450-4958-BF87-0A52650808EC} = {79C57C7B-6D8D-43E7-945D-FF2ED47717A5}
		{3CE5D967-0406-4DA8-9469-13C42630D6EA} = {79C57C7B-6D8D-43E7-945D-FF2ED47717A5}
	EndGlobalSection
	GlobalSection(ExtensibilityGlobals) = postSolution
		SolutionGuid = {C0D84416-B911-4181-A948-4DEEEFC8CD76}
	EndGlobalSection
EndGlobal
